
Microsoft Visual Studio Solution File, Format Version 12.00
# Visual Studio Version 17
VisualStudioVersion = 17.8.34309.116
MinimumVisualStudioVersion = 10.0.40219.1
Project("{FAE04EC0-301F-11D3-BF4B-00C04F79EFBC}") = "Base.Api", "Base.Api\Base.Api.csproj", "{9004A45F-2035-4E56-9D54-B3A874C78DD7}"
EndProject
Global
	GlobalSection(SolutionConfigurationPlatforms) = preSolution
		Debug|Any CPU = Debug|Any CPU
		Release|Any CPU = Release|Any CPU
	EndGlobalSection
	GlobalSection(ProjectConfigurationPlatforms) = postSolution
		{9004A45F-2035-4E56-9D54-B3A874C78DD7}.Debug|Any CPU.ActiveCfg = Debug|Any CPU
		{9004A45F-2035-4E56-9D54-B3A874C78DD7}.Debug|Any CPU.Build.0 = Debug|Any CPU
		{9004A45F-2035-4E56-9D54-B3A874C78DD7}.Release|Any CPU.ActiveCfg = Release|Any CPU
		{9004A45F-2035-4E56-9D54-B3A874C78DD7}.Release|Any CPU.Build.0 = Release|Any CPU
	EndGlobalSection
	GlobalSection(SolutionProperties) = preSolution
		HideSolutionNode = FALSE
	EndGlobalSection
	GlobalSection(ExtensibilityGlobals) = postSolution
		SolutionGuid = {DFA28FEA-46DE-4232-9B45-AB67AF8C0FD1}
	EndGlobalSection
EndGlobal
