
Microsoft Visual Studio Solution File, Format Version 12.00
# Visual Studio Version 17
VisualStudioVersion = 17.8.34309.116
MinimumVisualStudioVersion = 10.0.40219.1
Project("{9A19103F-16F7-4668-BE54-9A1E7A4F7556}") = "Auth", "src\Auth\Auth.csproj", "{13BE5727-F8FA-44B7-B5C6-F68B366129F2}"
EndProject
Project("{9A19103F-16F7-4668-BE54-9A1E7A4F7556}") = "Base", "src\Base\Base.csproj", "{06F20BF0-2909-41C6-BE1B-45DE16E5AD02}"
EndProject
Project("{9A19103F-16F7-4668-BE54-9A1E7A4F7556}") = "Shared", "src\Shared\Shared.csproj", "{170D7D30-F924-4EBF-995E-C7AEEA938D8F}"
EndProject
Project("{9A19103F-16F7-4668-BE54-9A1E7A4F7556}") = "Api", "src\Api\Api.csproj", "{F749FDAF-4A1A-46E1-9DCB-698E2B14B174}"
EndProject
Global
	GlobalSection(SolutionConfigurationPlatforms) = preSolution
		Debug|Any CPU = Debug|Any CPU
		Release|Any CPU = Release|Any CPU
	EndGlobalSection
	GlobalSection(ProjectConfigurationPlatforms) = postSolution
		{13BE5727-F8FA-44B7-B5C6-F68B366129F2}.Debug|Any CPU.ActiveCfg = Debug|Any CPU
		{13BE5727-F8FA-44B7-B5C6-F68B366129F2}.Debug|Any CPU.Build.0 = Debug|Any CPU
		{13BE5727-F8FA-44B7-B5C6-F68B366129F2}.Release|Any CPU.ActiveCfg = Release|Any CPU
		{13BE5727-F8FA-44B7-B5C6-F68B366129F2}.Release|Any CPU.Build.0 = Release|Any CPU
		{06F20BF0-2909-41C6-BE1B-45DE16E5AD02}.Debug|Any CPU.ActiveCfg = Debug|Any CPU
		{06F20BF0-2909-41C6-BE1B-45DE16E5AD02}.Debug|Any CPU.Build.0 = Debug|Any CPU
		{06F20BF0-2909-41C6-BE1B-45DE16E5AD02}.Release|Any CPU.ActiveCfg = Release|Any CPU
		{06F20BF0-2909-41C6-BE1B-45DE16E5AD02}.Release|Any CPU.Build.0 = Release|Any CPU
		{170D7D30-F924-4EBF-995E-C7AEEA938D8F}.Debug|Any CPU.ActiveCfg = Debug|Any CPU
		{170D7D30-F924-4EBF-995E-C7AEEA938D8F}.Debug|Any CPU.Build.0 = Debug|Any CPU
		{170D7D30-F924-4EBF-995E-C7AEEA938D8F}.Release|Any CPU.ActiveCfg = Release|Any CPU
		{170D7D30-F924-4EBF-995E-C7AEEA938D8F}.Release|Any CPU.Build.0 = Release|Any CPU
		{F749FDAF-4A1A-46E1-9DCB-698E2B14B174}.Debug|Any CPU.ActiveCfg = Debug|Any CPU
		{F749FDAF-4A1A-46E1-9DCB-698E2B14B174}.Debug|Any CPU.Build.0 = Debug|Any CPU
		{F749FDAF-4A1A-46E1-9DCB-698E2B14B174}.Release|Any CPU.ActiveCfg = Release|Any CPU
		{F749FDAF-4A1A-46E1-9DCB-698E2B14B174}.Release|Any CPU.Build.0 = Release|Any CPU
	EndGlobalSection
	GlobalSection(SolutionProperties) = preSolution
		HideSolutionNode = FALSE
	EndGlobalSection
	GlobalSection(ExtensibilityGlobals) = postSolution
		SolutionGuid = {DFA28FEA-46DE-4232-9B45-AB67AF8C0FD1}
	EndGlobalSection
EndGlobal
